// !$*UTF8*$!
{
	archiveVersion = 1;
	classes = {
	};
	objectVersion = 50;
	objects = {

/* Begin PBXBuildFile section */
		490DCEBF24F9393B00AE15CC /* shared.swift in Sources */ = {isa = PBXBuildFile; fileRef = 49A4046B24F115A70076F7C4 /* shared.swift */; };
		490DCEC124F93DD600AE15CC /* EventView.swift in Sources */ = {isa = PBXBuildFile; fileRef = 490DCEC024F93DD600AE15CC /* EventView.swift */; };
		4970B62D24F2434A00A2744E /* EventOrganizer.swift in Sources */ = {isa = PBXBuildFile; fileRef = 4970B62C24F2434A00A2744E /* EventOrganizer.swift */; };
		4970B62F24F24C3B00A2744E /* EventOrganizerTests.swift in Sources */ = {isa = PBXBuildFile; fileRef = 4970B62E24F24C3B00A2744E /* EventOrganizerTests.swift */; };
		497E95EE24F2B94A00E9097A /* SettingsView.swift in Sources */ = {isa = PBXBuildFile; fileRef = 497E95ED24F2B94A00E9097A /* SettingsView.swift */; };
		499AD57424FB6060006506F2 /* constants.swift in Sources */ = {isa = PBXBuildFile; fileRef = 499AD57324FB6060006506F2 /* constants.swift */; };
		49A4045A24F1155D0076F7C4 /* OrganizerApp.swift in Sources */ = {isa = PBXBuildFile; fileRef = 49A4044724F115560076F7C4 /* OrganizerApp.swift */; };
		49A4045C24F1155D0076F7C4 /* ContentView.swift in Sources */ = {isa = PBXBuildFile; fileRef = 49A4044824F115560076F7C4 /* ContentView.swift */; };
		49A4045E24F1155D0076F7C4 /* Assets.xcassets in Resources */ = {isa = PBXBuildFile; fileRef = 49A4044924F1155D0076F7C4 /* Assets.xcassets */; };
		49A4046924F1157D0076F7C4 /* MarkdownParser.swift in Sources */ = {isa = PBXBuildFile; fileRef = 49A4046824F1157D0076F7C4 /* MarkdownParser.swift */; };
		49A4046F24F115C50076F7C4 /* Extensions.swift in Sources */ = {isa = PBXBuildFile; fileRef = 49A4046E24F115C50076F7C4 /* Extensions.swift */; };
		49A4048524F120470076F7C4 /* MarkdownParserTests.swift in Sources */ = {isa = PBXBuildFile; fileRef = 49A4048424F120470076F7C4 /* MarkdownParserTests.swift */; };
		49A4048724F148770076F7C4 /* models.swift in Sources */ = {isa = PBXBuildFile; fileRef = 49A4048624F148770076F7C4 /* models.swift */; };
		49A4048B24F17E2A0076F7C4 /* MainScreen.swift in Sources */ = {isa = PBXBuildFile; fileRef = 49A4048A24F17E2A0076F7C4 /* MainScreen.swift */; };
/* End PBXBuildFile section */

/* Begin PBXContainerItemProxy section */
		49A4047A24F11C9A0076F7C4 /* PBXContainerItemProxy */ = {
			isa = PBXContainerItemProxy;
			containerPortal = 49A4044224F115560076F7C4 /* Project object */;
			proxyType = 1;
			remoteGlobalIDString = 49A4044D24F1155D0076F7C4;
			remoteInfo = "Organizer (iOS)";
		};
/* End PBXContainerItemProxy section */

/* Begin PBXFileReference section */
		490DCEC024F93DD600AE15CC /* EventView.swift */ = {isa = PBXFileReference; lastKnownFileType = sourcecode.swift; path = EventView.swift; sourceTree = "<group>"; };
		4970B62C24F2434A00A2744E /* EventOrganizer.swift */ = {isa = PBXFileReference; lastKnownFileType = sourcecode.swift; path = EventOrganizer.swift; sourceTree = "<group>"; };
		4970B62E24F24C3B00A2744E /* EventOrganizerTests.swift */ = {isa = PBXFileReference; lastKnownFileType = sourcecode.swift; path = EventOrganizerTests.swift; sourceTree = "<group>"; };
		497E95ED24F2B94A00E9097A /* SettingsView.swift */ = {isa = PBXFileReference; lastKnownFileType = sourcecode.swift; path = SettingsView.swift; sourceTree = "<group>"; };
		499AD57324FB6060006506F2 /* constants.swift */ = {isa = PBXFileReference; lastKnownFileType = sourcecode.swift; path = constants.swift; sourceTree = "<group>"; };
		49A4044724F115560076F7C4 /* OrganizerApp.swift */ = {isa = PBXFileReference; lastKnownFileType = sourcecode.swift; path = OrganizerApp.swift; sourceTree = "<group>"; };
		49A4044824F115560076F7C4 /* ContentView.swift */ = {isa = PBXFileReference; lastKnownFileType = sourcecode.swift; path = ContentView.swift; sourceTree = "<group>"; };
		49A4044924F1155D0076F7C4 /* Assets.xcassets */ = {isa = PBXFileReference; lastKnownFileType = folder.assetcatalog; path = Assets.xcassets; sourceTree = "<group>"; };
		49A4044E24F1155D0076F7C4 /* Organizer.app */ = {isa = PBXFileReference; explicitFileType = wrapper.application; includeInIndex = 0; path = Organizer.app; sourceTree = BUILT_PRODUCTS_DIR; };
		49A4045124F1155D0076F7C4 /* Info.plist */ = {isa = PBXFileReference; lastKnownFileType = text.plist.xml; path = Info.plist; sourceTree = "<group>"; };
		49A4046824F1157D0076F7C4 /* MarkdownParser.swift */ = {isa = PBXFileReference; lastKnownFileType = sourcecode.swift; path = MarkdownParser.swift; sourceTree = "<group>"; };
		49A4046B24F115A70076F7C4 /* shared.swift */ = {isa = PBXFileReference; lastKnownFileType = sourcecode.swift; path = shared.swift; sourceTree = "<group>"; };
		49A4046E24F115C50076F7C4 /* Extensions.swift */ = {isa = PBXFileReference; lastKnownFileType = sourcecode.swift; path = Extensions.swift; sourceTree = "<group>"; };
		49A4047524F11C9A0076F7C4 /* OrganizerTests.xctest */ = {isa = PBXFileReference; explicitFileType = wrapper.cfbundle; includeInIndex = 0; path = OrganizerTests.xctest; sourceTree = BUILT_PRODUCTS_DIR; };
		49A4047924F11C9A0076F7C4 /* Info.plist */ = {isa = PBXFileReference; lastKnownFileType = text.plist.xml; path = Info.plist; sourceTree = "<group>"; };
		49A4048424F120470076F7C4 /* MarkdownParserTests.swift */ = {isa = PBXFileReference; lastKnownFileType = sourcecode.swift; path = MarkdownParserTests.swift; sourceTree = "<group>"; };
		49A4048624F148770076F7C4 /* models.swift */ = {isa = PBXFileReference; lastKnownFileType = sourcecode.swift; path = models.swift; sourceTree = "<group>"; };
		49A4048A24F17E2A0076F7C4 /* MainScreen.swift */ = {isa = PBXFileReference; lastKnownFileType = sourcecode.swift; path = MainScreen.swift; sourceTree = "<group>"; };
/* End PBXFileReference section */

/* Begin PBXFrameworksBuildPhase section */
		49A4044B24F1155D0076F7C4 /* Frameworks */ = {
			isa = PBXFrameworksBuildPhase;
			buildActionMask = 2147483647;
			files = (
			);
			runOnlyForDeploymentPostprocessing = 0;
		};
		49A4047224F11C9A0076F7C4 /* Frameworks */ = {
			isa = PBXFrameworksBuildPhase;
			buildActionMask = 2147483647;
			files = (
			);
			runOnlyForDeploymentPostprocessing = 0;
		};
/* End PBXFrameworksBuildPhase section */

/* Begin PBXGroup section */
		49A4044124F115560076F7C4 = {
			isa = PBXGroup;
			children = (
				49A4048924F17DC50076F7C4 /* UI */,
				49A4044624F115560076F7C4 /* Shared */,
				49A4045024F1155D0076F7C4 /* iOS */,
				49A4047624F11C9A0076F7C4 /* OrganizerTests */,
				49A4044F24F1155D0076F7C4 /* Products */,
			);
			sourceTree = "<group>";
		};
		49A4044624F115560076F7C4 /* Shared */ = {
			isa = PBXGroup;
			children = (
				49A4046824F1157D0076F7C4 /* MarkdownParser.swift */,
				4970B62C24F2434A00A2744E /* EventOrganizer.swift */,
				49A4046B24F115A70076F7C4 /* shared.swift */,
				499AD57324FB6060006506F2 /* constants.swift */,
				49A4046E24F115C50076F7C4 /* Extensions.swift */,
				49A4048624F148770076F7C4 /* models.swift */,
			);
			path = Shared;
			sourceTree = "<group>";
		};
		49A4044F24F1155D0076F7C4 /* Products */ = {
			isa = PBXGroup;
			children = (
				49A4044E24F1155D0076F7C4 /* Organizer.app */,
				49A4047524F11C9A0076F7C4 /* OrganizerTests.xctest */,
			);
			name = Products;
			sourceTree = "<group>";
		};
		49A4045024F1155D0076F7C4 /* iOS */ = {
			isa = PBXGroup;
			children = (
				49A4045124F1155D0076F7C4 /* Info.plist */,
			);
			path = iOS;
			sourceTree = "<group>";
		};
		49A4047624F11C9A0076F7C4 /* OrganizerTests */ = {
			isa = PBXGroup;
			children = (
				49A4047924F11C9A0076F7C4 /* Info.plist */,
				49A4048424F120470076F7C4 /* MarkdownParserTests.swift */,
				4970B62E24F24C3B00A2744E /* EventOrganizerTests.swift */,
			);
			path = OrganizerTests;
			sourceTree = "<group>";
		};
		49A4048924F17DC50076F7C4 /* UI */ = {
			isa = PBXGroup;
			children = (
				49A4044724F115560076F7C4 /* OrganizerApp.swift */,
				49A4044824F115560076F7C4 /* ContentView.swift */,
				49A4048A24F17E2A0076F7C4 /* MainScreen.swift */,
				490DCEC024F93DD600AE15CC /* EventView.swift */,
				497E95ED24F2B94A00E9097A /* SettingsView.swift */,
				49A4044924F1155D0076F7C4 /* Assets.xcassets */,
			);
			path = UI;
			sourceTree = "<group>";
		};
/* End PBXGroup section */

/* Begin PBXNativeTarget section */
		49A4044D24F1155D0076F7C4 /* Organizer (iOS) */ = {
			isa = PBXNativeTarget;
			buildConfigurationList = 49A4046224F1155D0076F7C4 /* Build configuration list for PBXNativeTarget "Organizer (iOS)" */;
			buildPhases = (
				49A4044A24F1155D0076F7C4 /* Sources */,
				49A4044B24F1155D0076F7C4 /* Frameworks */,
				49A4044C24F1155D0076F7C4 /* Resources */,
			);
			buildRules = (
			);
			dependencies = (
			);
			name = "Organizer (iOS)";
			productName = "Organizer (iOS)";
			productReference = 49A4044E24F1155D0076F7C4 /* Organizer.app */;
			productType = "com.apple.product-type.application";
		};
		49A4047424F11C9A0076F7C4 /* OrganizerTests */ = {
			isa = PBXNativeTarget;
			buildConfigurationList = 49A4047C24F11C9A0076F7C4 /* Build configuration list for PBXNativeTarget "OrganizerTests" */;
			buildPhases = (
				49A4047124F11C9A0076F7C4 /* Sources */,
				49A4047224F11C9A0076F7C4 /* Frameworks */,
				49A4047324F11C9A0076F7C4 /* Resources */,
			);
			buildRules = (
			);
			dependencies = (
				49A4047B24F11C9A0076F7C4 /* PBXTargetDependency */,
			);
			name = OrganizerTests;
			productName = OrganizerTests;
			productReference = 49A4047524F11C9A0076F7C4 /* OrganizerTests.xctest */;
			productType = "com.apple.product-type.bundle.unit-test";
		};
/* End PBXNativeTarget section */

/* Begin PBXProject section */
		49A4044224F115560076F7C4 /* Project object */ = {
			isa = PBXProject;
			attributes = {
				LastSwiftUpdateCheck = 1200;
				LastUpgradeCheck = 1200;
				TargetAttributes = {
					49A4044D24F1155D0076F7C4 = {
						CreatedOnToolsVersion = 12.0;
					};
					49A4047424F11C9A0076F7C4 = {
						CreatedOnToolsVersion = 12.0;
						LastSwiftMigration = 1200;
						TestTargetID = 49A4044D24F1155D0076F7C4;
					};
				};
			};
			buildConfigurationList = 49A4044524F115560076F7C4 /* Build configuration list for PBXProject "Organizer" */;
			compatibilityVersion = "Xcode 9.3";
			developmentRegion = en;
			hasScannedForEncodings = 0;
			knownRegions = (
				en,
				Base,
			);
			mainGroup = 49A4044124F115560076F7C4;
			productRefGroup = 49A4044F24F1155D0076F7C4 /* Products */;
			projectDirPath = "";
			projectRoot = "";
			targets = (
				49A4044D24F1155D0076F7C4 /* Organizer (iOS) */,
				49A4047424F11C9A0076F7C4 /* OrganizerTests */,
			);
		};
/* End PBXProject section */

/* Begin PBXResourcesBuildPhase section */
		49A4044C24F1155D0076F7C4 /* Resources */ = {
			isa = PBXResourcesBuildPhase;
			buildActionMask = 2147483647;
			files = (
				49A4045E24F1155D0076F7C4 /* Assets.xcassets in Resources */,
			);
			runOnlyForDeploymentPostprocessing = 0;
		};
		49A4047324F11C9A0076F7C4 /* Resources */ = {
			isa = PBXResourcesBuildPhase;
			buildActionMask = 2147483647;
			files = (
			);
			runOnlyForDeploymentPostprocessing = 0;
		};
/* End PBXResourcesBuildPhase section */

/* Begin PBXSourcesBuildPhase section */
		49A4044A24F1155D0076F7C4 /* Sources */ = {
			isa = PBXSourcesBuildPhase;
			buildActionMask = 2147483647;
			files = (
				4970B62D24F2434A00A2744E /* EventOrganizer.swift in Sources */,
				49A4048B24F17E2A0076F7C4 /* MainScreen.swift in Sources */,
				490DCEC124F93DD600AE15CC /* EventView.swift in Sources */,
				497E95EE24F2B94A00E9097A /* SettingsView.swift in Sources */,
				49A4048724F148770076F7C4 /* models.swift in Sources */,
				499AD57424FB6060006506F2 /* constants.swift in Sources */,
				49A4046F24F115C50076F7C4 /* Extensions.swift in Sources */,
				490DCEBF24F9393B00AE15CC /* shared.swift in Sources */,
				49A4045C24F1155D0076F7C4 /* ContentView.swift in Sources */,
				49A4045A24F1155D0076F7C4 /* OrganizerApp.swift in Sources */,
				49A4046924F1157D0076F7C4 /* MarkdownParser.swift in Sources */,
			);
			runOnlyForDeploymentPostprocessing = 0;
		};
		49A4047124F11C9A0076F7C4 /* Sources */ = {
			isa = PBXSourcesBuildPhase;
			buildActionMask = 2147483647;
			files = (
				49A4048524F120470076F7C4 /* MarkdownParserTests.swift in Sources */,
				4970B62F24F24C3B00A2744E /* EventOrganizerTests.swift in Sources */,
			);
			runOnlyForDeploymentPostprocessing = 0;
		};
/* End PBXSourcesBuildPhase section */

/* Begin PBXTargetDependency section */
		49A4047B24F11C9A0076F7C4 /* PBXTargetDependency */ = {
			isa = PBXTargetDependency;
			target = 49A4044D24F1155D0076F7C4 /* Organizer (iOS) */;
			targetProxy = 49A4047A24F11C9A0076F7C4 /* PBXContainerItemProxy */;
		};
/* End PBXTargetDependency section */

/* Begin XCBuildConfiguration section */
		49A4046024F1155D0076F7C4 /* Debug */ = {
			isa = XCBuildConfiguration;
			buildSettings = {
				ALWAYS_SEARCH_USER_PATHS = NO;
				CLANG_ANALYZER_NONNULL = YES;
				CLANG_ANALYZER_NUMBER_OBJECT_CONVERSION = YES_AGGRESSIVE;
				CLANG_CXX_LANGUAGE_STANDARD = "gnu++14";
				CLANG_CXX_LIBRARY = "libc++";
				CLANG_ENABLE_MODULES = YES;
				CLANG_ENABLE_OBJC_ARC = YES;
				CLANG_ENABLE_OBJC_WEAK = YES;
				CLANG_WARN_BLOCK_CAPTURE_AUTORELEASING = YES;
				CLANG_WARN_BOOL_CONVERSION = YES;
				CLANG_WARN_COMMA = YES;
				CLANG_WARN_CONSTANT_CONVERSION = YES;
				CLANG_WARN_DEPRECATED_OBJC_IMPLEMENTATIONS = YES;
				CLANG_WARN_DIRECT_OBJC_ISA_USAGE = YES_ERROR;
				CLANG_WARN_DOCUMENTATION_COMMENTS = YES;
				CLANG_WARN_EMPTY_BODY = YES;
				CLANG_WARN_ENUM_CONVERSION = YES;
				CLANG_WARN_INFINITE_RECURSION = YES;
				CLANG_WARN_INT_CONVERSION = YES;
				CLANG_WARN_NON_LITERAL_NULL_CONVERSION = YES;
				CLANG_WARN_OBJC_IMPLICIT_RETAIN_SELF = YES;
				CLANG_WARN_OBJC_LITERAL_CONVERSION = YES;
				CLANG_WARN_OBJC_ROOT_CLASS = YES_ERROR;
				CLANG_WARN_QUOTED_INCLUDE_IN_FRAMEWORK_HEADER = YES;
				CLANG_WARN_RANGE_LOOP_ANALYSIS = YES;
				CLANG_WARN_STRICT_PROTOTYPES = YES;
				CLANG_WARN_SUSPICIOUS_MOVE = YES;
				CLANG_WARN_UNGUARDED_AVAILABILITY = YES_AGGRESSIVE;
				CLANG_WARN_UNREACHABLE_CODE = YES;
				CLANG_WARN__DUPLICATE_METHOD_MATCH = YES;
				COPY_PHASE_STRIP = NO;
				DEBUG_INFORMATION_FORMAT = dwarf;
				ENABLE_STRICT_OBJC_MSGSEND = YES;
				ENABLE_TESTABILITY = YES;
				GCC_C_LANGUAGE_STANDARD = gnu11;
				GCC_DYNAMIC_NO_PIC = NO;
				GCC_NO_COMMON_BLOCKS = YES;
				GCC_OPTIMIZATION_LEVEL = 0;
				GCC_PREPROCESSOR_DEFINITIONS = (
					"DEBUG=1",
					"$(inherited)",
				);
				GCC_WARN_64_TO_32_BIT_CONVERSION = YES;
				GCC_WARN_ABOUT_RETURN_TYPE = YES_ERROR;
				GCC_WARN_UNDECLARED_SELECTOR = YES;
				GCC_WARN_UNINITIALIZED_AUTOS = YES_AGGRESSIVE;
				GCC_WARN_UNUSED_FUNCTION = YES;
				GCC_WARN_UNUSED_VARIABLE = YES;
				MTL_ENABLE_DEBUG_INFO = INCLUDE_SOURCE;
				MTL_FAST_MATH = YES;
				ONLY_ACTIVE_ARCH = YES;
				SWIFT_ACTIVE_COMPILATION_CONDITIONS = DEBUG;
				SWIFT_OPTIMIZATION_LEVEL = "-Onone";
			};
			name = Debug;
		};
		49A4046124F1155D0076F7C4 /* Release */ = {
			isa = XCBuildConfiguration;
			buildSettings = {
				ALWAYS_SEARCH_USER_PATHS = NO;
				CLANG_ANALYZER_NONNULL = YES;
				CLANG_ANALYZER_NUMBER_OBJECT_CONVERSION = YES_AGGRESSIVE;
				CLANG_CXX_LANGUAGE_STANDARD = "gnu++14";
				CLANG_CXX_LIBRARY = "libc++";
				CLANG_ENABLE_MODULES = YES;
				CLANG_ENABLE_OBJC_ARC = YES;
				CLANG_ENABLE_OBJC_WEAK = YES;
				CLANG_WARN_BLOCK_CAPTURE_AUTORELEASING = YES;
				CLANG_WARN_BOOL_CONVERSION = YES;
				CLANG_WARN_COMMA = YES;
				CLANG_WARN_CONSTANT_CONVERSION = YES;
				CLANG_WARN_DEPRECATED_OBJC_IMPLEMENTATIONS = YES;
				CLANG_WARN_DIRECT_OBJC_ISA_USAGE = YES_ERROR;
				CLANG_WARN_DOCUMENTATION_COMMENTS = YES;
				CLANG_WARN_EMPTY_BODY = YES;
				CLANG_WARN_ENUM_CONVERSION = YES;
				CLANG_WARN_INFINITE_RECURSION = YES;
				CLANG_WARN_INT_CONVERSION = YES;
				CLANG_WARN_NON_LITERAL_NULL_CONVERSION = YES;
				CLANG_WARN_OBJC_IMPLICIT_RETAIN_SELF = YES;
				CLANG_WARN_OBJC_LITERAL_CONVERSION = YES;
				CLANG_WARN_OBJC_ROOT_CLASS = YES_ERROR;
				CLANG_WARN_QUOTED_INCLUDE_IN_FRAMEWORK_HEADER = YES;
				CLANG_WARN_RANGE_LOOP_ANALYSIS = YES;
				CLANG_WARN_STRICT_PROTOTYPES = YES;
				CLANG_WARN_SUSPICIOUS_MOVE = YES;
				CLANG_WARN_UNGUARDED_AVAILABILITY = YES_AGGRESSIVE;
				CLANG_WARN_UNREACHABLE_CODE = YES;
				CLANG_WARN__DUPLICATE_METHOD_MATCH = YES;
				COPY_PHASE_STRIP = NO;
				DEBUG_INFORMATION_FORMAT = "dwarf-with-dsym";
				ENABLE_NS_ASSERTIONS = NO;
				ENABLE_STRICT_OBJC_MSGSEND = YES;
				GCC_C_LANGUAGE_STANDARD = gnu11;
				GCC_NO_COMMON_BLOCKS = YES;
				GCC_WARN_64_TO_32_BIT_CONVERSION = YES;
				GCC_WARN_ABOUT_RETURN_TYPE = YES_ERROR;
				GCC_WARN_UNDECLARED_SELECTOR = YES;
				GCC_WARN_UNINITIALIZED_AUTOS = YES_AGGRESSIVE;
				GCC_WARN_UNUSED_FUNCTION = YES;
				GCC_WARN_UNUSED_VARIABLE = YES;
				MTL_ENABLE_DEBUG_INFO = NO;
				MTL_FAST_MATH = YES;
				SWIFT_COMPILATION_MODE = wholemodule;
				SWIFT_OPTIMIZATION_LEVEL = "-O";
			};
			name = Release;
		};
		49A4046324F1155D0076F7C4 /* Debug */ = {
			isa = XCBuildConfiguration;
			buildSettings = {
				ASSETCATALOG_COMPILER_APPICON_NAME = AppIcon;
				ASSETCATALOG_COMPILER_GLOBAL_ACCENT_COLOR_NAME = AccentColor;
				CODE_SIGN_STYLE = Automatic;
				DEVELOPMENT_TEAM = MHQFP8C3YS;
				ENABLE_PREVIEWS = YES;
				INFOPLIST_FILE = iOS/Info.plist;
				IPHONEOS_DEPLOYMENT_TARGET = 14.0;
				LD_RUNPATH_SEARCH_PATHS = (
					"$(inherited)",
					"@executable_path/Frameworks",
				);
				PRODUCT_BUNDLE_IDENTIFIER = com.mithem.Organizer;
				PRODUCT_NAME = Organizer;
				SDKROOT = iphoneos;
				SWIFT_VERSION = 5.0;
				TARGETED_DEVICE_FAMILY = "1,2";
			};
			name = Debug;
		};
		49A4046424F1155D0076F7C4 /* Release */ = {
			isa = XCBuildConfiguration;
			buildSettings = {
				ASSETCATALOG_COMPILER_APPICON_NAME = AppIcon;
				ASSETCATALOG_COMPILER_GLOBAL_ACCENT_COLOR_NAME = AccentColor;
				CODE_SIGN_STYLE = Automatic;
				DEVELOPMENT_TEAM = MHQFP8C3YS;
				ENABLE_PREVIEWS = YES;
				INFOPLIST_FILE = iOS/Info.plist;
				IPHONEOS_DEPLOYMENT_TARGET = 14.0;
				LD_RUNPATH_SEARCH_PATHS = (
					"$(inherited)",
					"@executable_path/Frameworks",
				);
				PRODUCT_BUNDLE_IDENTIFIER = com.mithem.Organizer;
				PRODUCT_NAME = Organizer;
				SDKROOT = iphoneos;
				SWIFT_VERSION = 5.0;
				TARGETED_DEVICE_FAMILY = "1,2";
				VALIDATE_PRODUCT = YES;
			};
			name = Release;
		};
		49A4047D24F11C9A0076F7C4 /* Debug */ = {
			isa = XCBuildConfiguration;
			buildSettings = {
				BUNDLE_LOADER = "$(TEST_HOST)";
				CLANG_ENABLE_MODULES = YES;
				CODE_SIGN_STYLE = Automatic;
				DEVELOPMENT_TEAM = MHQFP8C3YS;
				INFOPLIST_FILE = OrganizerTests/Info.plist;
				IPHONEOS_DEPLOYMENT_TARGET = 14.0;
				LD_RUNPATH_SEARCH_PATHS = (
					"$(inherited)",
					"@executable_path/Frameworks",
					"@loader_path/Frameworks",
				);
				PRODUCT_BUNDLE_IDENTIFIER = com.mithem.OrganizerTests;
				PRODUCT_NAME = "$(TARGET_NAME)";
				SDKROOT = iphoneos;
				SWIFT_OPTIMIZATION_LEVEL = "-Onone";
				SWIFT_VERSION = 5.0;
				TARGETED_DEVICE_FAMILY = "1,2";
				TEST_HOST = "$(BUILT_PRODUCTS_DIR)/Organizer.app/Organizer";
			};
			name = Debug;
		};
		49A4047E24F11C9A0076F7C4 /* Release */ = {
			isa = XCBuildConfiguration;
			buildSettings = {
				BUNDLE_LOADER = "$(TEST_HOST)";
				CLANG_ENABLE_MODULES = YES;
				CODE_SIGN_STYLE = Automatic;
				DEVELOPMENT_TEAM = MHQFP8C3YS;
				INFOPLIST_FILE = OrganizerTests/Info.plist;
				IPHONEOS_DEPLOYMENT_TARGET = 14.0;
				LD_RUNPATH_SEARCH_PATHS = (
					"$(inherited)",
					"@executable_path/Frameworks",
					"@loader_path/Frameworks",
				);
				PRODUCT_BUNDLE_IDENTIFIER = com.mithem.OrganizerTests;
				PRODUCT_NAME = "$(TARGET_NAME)";
				SDKROOT = iphoneos;
				SWIFT_VERSION = 5.0;
				TARGETED_DEVICE_FAMILY = "1,2";
				TEST_HOST = "$(BUILT_PRODUCTS_DIR)/Organizer.app/Organizer";
				VALIDATE_PRODUCT = YES;
			};
			name = Release;
		};
/* End XCBuildConfiguration section */

/* Begin XCConfigurationList section */
		49A4044524F115560076F7C4 /* Build configuration list for PBXProject "Organizer" */ = {
			isa = XCConfigurationList;
			buildConfigurations = (
				49A4046024F1155D0076F7C4 /* Debug */,
				49A4046124F1155D0076F7C4 /* Release */,
			);
			defaultConfigurationIsVisible = 0;
			defaultConfigurationName = Release;
		};
		49A4046224F1155D0076F7C4 /* Build configuration list for PBXNativeTarget "Organizer (iOS)" */ = {
			isa = XCConfigurationList;
			buildConfigurations = (
				49A4046324F1155D0076F7C4 /* Debug */,
				49A4046424F1155D0076F7C4 /* Release */,
			);
			defaultConfigurationIsVisible = 0;
			defaultConfigurationName = Release;
		};
		49A4047C24F11C9A0076F7C4 /* Build configuration list for PBXNativeTarget "OrganizerTests" */ = {
			isa = XCConfigurationList;
			buildConfigurations = (
				49A4047D24F11C9A0076F7C4 /* Debug */,
				49A4047E24F11C9A0076F7C4 /* Release */,
			);
			defaultConfigurationIsVisible = 0;
			defaultConfigurationName = Release;
		};
/* End XCConfigurationList section */
	};
	rootObject = 49A4044224F115560076F7C4 /* Project object */;
}
